
Microsoft Visual Studio Solution File, Format Version 12.00
# Visual Studio Version 17
VisualStudioVersion = 17.11.35222.181
MinimumVisualStudioVersion = 10.0.40219.1
Project("{FAE04EC0-301F-11D3-BF4B-00C04F79EFBC}") = "WaiteJordan3309Ex4", "WaiteJordan3309Ex4.csproj", "{1CB47193-EE51-4DFA-B5DF-91B6884C20AE}"
EndProject
Global
	GlobalSection(SolutionConfigurationPlatforms) = preSolution
		Debug|Any CPU = Debug|Any CPU
		Release|Any CPU = Release|Any CPU
	EndGlobalSection
	GlobalSection(ProjectConfigurationPlatforms) = postSolution
		{1CB47193-EE51-4DFA-B5DF-91B6884C20AE}.Debug|Any CPU.ActiveCfg = Debug|Any CPU
		{1CB47193-EE51-4DFA-B5DF-91B6884C20AE}.Debug|Any CPU.Build.0 = Debug|Any CPU
		{1CB47193-EE51-4DFA-B5DF-91B6884C20AE}.Release|Any CPU.ActiveCfg = Release|Any CPU
		{1CB47193-EE51-4DFA-B5DF-91B6884C20AE}.Release|Any CPU.Build.0 = Release|Any CPU
	EndGlobalSection
	GlobalSection(SolutionProperties) = preSolution
		HideSolutionNode = FALSE
	EndGlobalSection
	GlobalSection(ExtensibilityGlobals) = postSolution
		SolutionGuid = {F567235C-91F0-429F-A879-56308AED3304}
	EndGlobalSection
EndGlobal
